// !$*UTF8*$!
{
	archiveVersion = 1;
	classes = {
	};
	objectVersion = 50;
	objects = {

/* Begin PBXBuildFile section */
		1D2B41D32474C00B008542B1 /* AppDelegate.swift in Sources */ = {isa = PBXBuildFile; fileRef = 1D2B41D22474C00B008542B1 /* AppDelegate.swift */; };
		1D2B41D52474C00B008542B1 /* SceneDelegate.swift in Sources */ = {isa = PBXBuildFile; fileRef = 1D2B41D42474C00B008542B1 /* SceneDelegate.swift */; };
		1D2B41D72474C00B008542B1 /* ViewController.swift in Sources */ = {isa = PBXBuildFile; fileRef = 1D2B41D62474C00B008542B1 /* ViewController.swift */; };
		1D2B41DA2474C00B008542B1 /* Main.storyboard in Resources */ = {isa = PBXBuildFile; fileRef = 1D2B41D82474C00B008542B1 /* Main.storyboard */; };
		1D2B41DC2474C012008542B1 /* Assets.xcassets in Resources */ = {isa = PBXBuildFile; fileRef = 1D2B41DB2474C012008542B1 /* Assets.xcassets */; };
		1D2B41DF2474C012008542B1 /* LaunchScreen.storyboard in Resources */ = {isa = PBXBuildFile; fileRef = 1D2B41DD2474C012008542B1 /* LaunchScreen.storyboard */; };
		1D2B41E72474C32A008542B1 /* Solution226.swift in Sources */ = {isa = PBXBuildFile; fileRef = 1D2B41E62474C32A008542B1 /* Solution226.swift */; };
		1D317A0E2477F866001D11A6 /* Solution105.swift in Sources */ = {isa = PBXBuildFile; fileRef = 1D317A0D2477F866001D11A6 /* Solution105.swift */; };
/* End PBXBuildFile section */

/* Begin PBXFileReference section */
		1D2B41CF2474C00B008542B1 /* LCPractice.app */ = {isa = PBXFileReference; explicitFileType = wrapper.application; includeInIndex = 0; path = LCPractice.app; sourceTree = BUILT_PRODUCTS_DIR; };
		1D2B41D22474C00B008542B1 /* AppDelegate.swift */ = {isa = PBXFileReference; lastKnownFileType = sourcecode.swift; path = AppDelegate.swift; sourceTree = "<group>"; };
		1D2B41D42474C00B008542B1 /* SceneDelegate.swift */ = {isa = PBXFileReference; lastKnownFileType = sourcecode.swift; path = SceneDelegate.swift; sourceTree = "<group>"; };
		1D2B41D62474C00B008542B1 /* ViewController.swift */ = {isa = PBXFileReference; lastKnownFileType = sourcecode.swift; path = ViewController.swift; sourceTree = "<group>"; };
		1D2B41D92474C00B008542B1 /* Base */ = {isa = PBXFileReference; lastKnownFileType = file.storyboard; name = Base; path = Base.lproj/Main.storyboard; sourceTree = "<group>"; };
		1D2B41DB2474C012008542B1 /* Assets.xcassets */ = {isa = PBXFileReference; lastKnownFileType = folder.assetcatalog; path = Assets.xcassets; sourceTree = "<group>"; };
		1D2B41DE2474C012008542B1 /* Base */ = {isa = PBXFileReference; lastKnownFileType = file.storyboard; name = Base; path = Base.lproj/LaunchScreen.storyboard; sourceTree = "<group>"; };
		1D2B41E02474C012008542B1 /* Info.plist */ = {isa = PBXFileReference; lastKnownFileType = text.plist.xml; path = Info.plist; sourceTree = "<group>"; };
		1D2B41E62474C32A008542B1 /* Solution226.swift */ = {isa = PBXFileReference; lastKnownFileType = sourcecode.swift; path = Solution226.swift; sourceTree = "<group>"; };
		1D317A0D2477F866001D11A6 /* Solution105.swift */ = {isa = PBXFileReference; lastKnownFileType = sourcecode.swift; path = Solution105.swift; sourceTree = "<group>"; };
/* End PBXFileReference section */

/* Begin PBXFrameworksBuildPhase section */
		1D2B41CC2474C00B008542B1 /* Frameworks */ = {
			isa = PBXFrameworksBuildPhase;
			buildActionMask = 2147483647;
			files = (
			);
			runOnlyForDeploymentPostprocessing = 0;
		};
/* End PBXFrameworksBuildPhase section */

/* Begin PBXGroup section */
		1D2B41C62474C00B008542B1 = {
			isa = PBXGroup;
			children = (
				1D2B41D12474C00B008542B1 /* LCPractice */,
				1D2B41D02474C00B008542B1 /* Products */,
			);
			sourceTree = "<group>";
		};
		1D2B41D02474C00B008542B1 /* Products */ = {
			isa = PBXGroup;
			children = (
				1D2B41CF2474C00B008542B1 /* LCPractice.app */,
			);
			name = Products;
			sourceTree = "<group>";
		};
		1D2B41D12474C00B008542B1 /* LCPractice */ = {
			isa = PBXGroup;
			children = (
				1D2B41D22474C00B008542B1 /* AppDelegate.swift */,
				1D2B41D42474C00B008542B1 /* SceneDelegate.swift */,
				1D2B41D62474C00B008542B1 /* ViewController.swift */,
				1D2B41D82474C00B008542B1 /* Main.storyboard */,
				1D2B41DB2474C012008542B1 /* Assets.xcassets */,
				1D2B41DD2474C012008542B1 /* LaunchScreen.storyboard */,
				1D2B41E02474C012008542B1 /* Info.plist */,
				1D2B41E62474C32A008542B1 /* Solution226.swift */,
				1D317A0D2477F866001D11A6 /* Solution105.swift */,
			);
			path = LCPractice;
			sourceTree = "<group>";
		};
/* End PBXGroup section */

/* Begin PBXNativeTarget section */
		1D2B41CE2474C00B008542B1 /* LCPractice */ = {
			isa = PBXNativeTarget;
			buildConfigurationList = 1D2B41E32474C012008542B1 /* Build configuration list for PBXNativeTarget "LCPractice" */;
			buildPhases = (
				1D2B41CB2474C00B008542B1 /* Sources */,
				1D2B41CC2474C00B008542B1 /* Frameworks */,
				1D2B41CD2474C00B008542B1 /* Resources */,
			);
			buildRules = (
			);
			dependencies = (
			);
			name = LCPractice;
			productName = LCPractice;
			productReference = 1D2B41CF2474C00B008542B1 /* LCPractice.app */;
			productType = "com.apple.product-type.application";
		};
/* End PBXNativeTarget section */

/* Begin PBXProject section */
		1D2B41C72474C00B008542B1 /* Project object */ = {
			isa = PBXProject;
			attributes = {
				LastSwiftUpdateCheck = 1140;
				LastUpgradeCheck = 1140;
				ORGANIZATIONNAME = beuady;
				TargetAttributes = {
					1D2B41CE2474C00B008542B1 = {
						CreatedOnToolsVersion = 11.4.1;
					};
				};
			};
			buildConfigurationList = 1D2B41CA2474C00B008542B1 /* Build configuration list for PBXProject "LCPractice" */;
			compatibilityVersion = "Xcode 9.3";
			developmentRegion = en;
			hasScannedForEncodings = 0;
			knownRegions = (
				en,
				Base,
			);
			mainGroup = 1D2B41C62474C00B008542B1;
			productRefGroup = 1D2B41D02474C00B008542B1 /* Products */;
			projectDirPath = "";
			projectRoot = "";
			targets = (
				1D2B41CE2474C00B008542B1 /* LCPractice */,
			);
		};
/* End PBXProject section */

/* Begin PBXResourcesBuildPhase section */
		1D2B41CD2474C00B008542B1 /* Resources */ = {
			isa = PBXResourcesBuildPhase;
			buildActionMask = 2147483647;
			files = (
				1D2B41DF2474C012008542B1 /* LaunchScreen.storyboard in Resources */,
				1D2B41DC2474C012008542B1 /* Assets.xcassets in Resources */,
				1D2B41DA2474C00B008542B1 /* Main.storyboard in Resources */,
			);
			runOnlyForDeploymentPostprocessing = 0;
		};
/* End PBXResourcesBuildPhase section */

/* Begin PBXSourcesBuildPhase section */
		1D2B41CB2474C00B008542B1 /* Sources */ = {
			isa = PBXSourcesBuildPhase;
			buildActionMask = 2147483647;
			files = (
				1D317A0E2477F866001D11A6 /* Solution105.swift in Sources */,
				1D2B41D72474C00B008542B1 /* ViewController.swift in Sources */,
				1D2B41D32474C00B008542B1 /* AppDelegate.swift in Sources */,
				1D2B41E72474C32A008542B1 /* Solution226.swift in Sources */,
				1D2B41D52474C00B008542B1 /* SceneDelegate.swift in Sources */,
			);
			runOnlyForDeploymentPostprocessing = 0;
		};
/* End PBXSourcesBuildPhase section */

/* Begin PBXVariantGroup section */
		1D2B41D82474C00B008542B1 /* Main.storyboard */ = {
			isa = PBXVariantGroup;
			children = (
				1D2B41D92474C00B008542B1 /* Base */,
			);
			name = Main.storyboard;
			sourceTree = "<group>";
		};
		1D2B41DD2474C012008542B1 /* LaunchScreen.storyboard */ = {
			isa = PBXVariantGroup;
			children = (
				1D2B41DE2474C012008542B1 /* Base */,
			);
			name = LaunchScreen.storyboard;
			sourceTree = "<group>";
		};
/* End PBXVariantGroup section */

/* Begin XCBuildConfiguration section */
		1D2B41E12474C012008542B1 /* Debug */ = {
			isa = XCBuildConfiguration;
			buildSettings = {
				ALWAYS_SEARCH_USER_PATHS = NO;
				CLANG_ANALYZER_NONNULL = YES;
				CLANG_ANALYZER_NUMBER_OBJECT_CONVERSION = YES_AGGRESSIVE;
				CLANG_CXX_LANGUAGE_STANDARD = "gnu++14";
				CLANG_CXX_LIBRARY = "libc++";
				CLANG_ENABLE_MODULES = YES;
				CLANG_ENABLE_OBJC_ARC = YES;
				CLANG_ENABLE_OBJC_WEAK = YES;
				CLANG_WARN_BLOCK_CAPTURE_AUTORELEASING = YES;
				CLANG_WARN_BOOL_CONVERSION = YES;
				CLANG_WARN_COMMA = YES;
				CLANG_WARN_CONSTANT_CONVERSION = YES;
				CLANG_WARN_DEPRECATED_OBJC_IMPLEMENTATIONS = YES;
				CLANG_WARN_DIRECT_OBJC_ISA_USAGE = YES_ERROR;
				CLANG_WARN_DOCUMENTATION_COMMENTS = YES;
				CLANG_WARN_EMPTY_BODY = YES;
				CLANG_WARN_ENUM_CONVERSION = YES;
				CLANG_WARN_INFINITE_RECURSION = YES;
				CLANG_WARN_INT_CONVERSION = YES;
				CLANG_WARN_NON_LITERAL_NULL_CONVERSION = YES;
				CLANG_WARN_OBJC_IMPLICIT_RETAIN_SELF = YES;
				CLANG_WARN_OBJC_LITERAL_CONVERSION = YES;
				CLANG_WARN_OBJC_ROOT_CLASS = YES_ERROR;
				CLANG_WARN_RANGE_LOOP_ANALYSIS = YES;
				CLANG_WARN_STRICT_PROTOTYPES = YES;
				CLANG_WARN_SUSPICIOUS_MOVE = YES;
				CLANG_WARN_UNGUARDED_AVAILABILITY = YES_AGGRESSIVE;
				CLANG_WARN_UNREACHABLE_CODE = YES;
				CLANG_WARN__DUPLICATE_METHOD_MATCH = YES;
				COPY_PHASE_STRIP = NO;
				DEBUG_INFORMATION_FORMAT = dwarf;
				ENABLE_STRICT_OBJC_MSGSEND = YES;
				ENABLE_TESTABILITY = YES;
				GCC_C_LANGUAGE_STANDARD = gnu11;
				GCC_DYNAMIC_NO_PIC = NO;
				GCC_NO_COMMON_BLOCKS = YES;
				GCC_OPTIMIZATION_LEVEL = 0;
				GCC_PREPROCESSOR_DEFINITIONS = (
					"DEBUG=1",
					"$(inherited)",
				);
				GCC_WARN_64_TO_32_BIT_CONVERSION = YES;
				GCC_WARN_ABOUT_RETURN_TYPE = YES_ERROR;
				GCC_WARN_UNDECLARED_SELECTOR = YES;
				GCC_WARN_UNINITIALIZED_AUTOS = YES_AGGRESSIVE;
				GCC_WARN_UNUSED_FUNCTION = YES;
				GCC_WARN_UNUSED_VARIABLE = YES;
				IPHONEOS_DEPLOYMENT_TARGET = 13.4;
				MTL_ENABLE_DEBUG_INFO = INCLUDE_SOURCE;
				MTL_FAST_MATH = YES;
				ONLY_ACTIVE_ARCH = YES;
				SDKROOT = iphoneos;
				SWIFT_ACTIVE_COMPILATION_CONDITIONS = DEBUG;
				SWIFT_OPTIMIZATION_LEVEL = "-Onone";
			};
			name = Debug;
		};
		1D2B41E22474C012008542B1 /* Release */ = {
			isa = XCBuildConfiguration;
			buildSettings = {
				ALWAYS_SEARCH_USER_PATHS = NO;
				CLANG_ANALYZER_NONNULL = YES;
				CLANG_ANALYZER_NUMBER_OBJECT_CONVERSION = YES_AGGRESSIVE;
				CLANG_CXX_LANGUAGE_STANDARD = "gnu++14";
				CLANG_CXX_LIBRARY = "libc++";
				CLANG_ENABLE_MODULES = YES;
				CLANG_ENABLE_OBJC_ARC = YES;
				CLANG_ENABLE_OBJC_WEAK = YES;
				CLANG_WARN_BLOCK_CAPTURE_AUTORELEASING = YES;
				CLANG_WARN_BOOL_CONVERSION = YES;
				CLANG_WARN_COMMA = YES;
				CLANG_WARN_CONSTANT_CONVERSION = YES;
				CLANG_WARN_DEPRECATED_OBJC_IMPLEMENTATIONS = YES;
				CLANG_WARN_DIRECT_OBJC_ISA_USAGE = YES_ERROR;
				CLANG_WARN_DOCUMENTATION_COMMENTS = YES;
				CLANG_WARN_EMPTY_BODY = YES;
				CLANG_WARN_ENUM_CONVERSION = YES;
				CLANG_WARN_INFINITE_RECURSION = YES;
				CLANG_WARN_INT_CONVERSION = YES;
				CLANG_WARN_NON_LITERAL_NULL_CONVERSION = YES;
				CLANG_WARN_OBJC_IMPLICIT_RETAIN_SELF = YES;
				CLANG_WARN_OBJC_LITERAL_CONVERSION = YES;
				CLANG_WARN_OBJC_ROOT_CLASS = YES_ERROR;
				CLANG_WARN_RANGE_LOOP_ANALYSIS = YES;
				CLANG_WARN_STRICT_PROTOTYPES = YES;
				CLANG_WARN_SUSPICIOUS_MOVE = YES;
				CLANG_WARN_UNGUARDED_AVAILABILITY = YES_AGGRESSIVE;
				CLANG_WARN_UNREACHABLE_CODE = YES;
				CLANG_WARN__DUPLICATE_METHOD_MATCH = YES;
				COPY_PHASE_STRIP = NO;
				DEBUG_INFORMATION_FORMAT = "dwarf-with-dsym";
				ENABLE_NS_ASSERTIONS = NO;
				ENABLE_STRICT_OBJC_MSGSEND = YES;
				GCC_C_LANGUAGE_STANDARD = gnu11;
				GCC_NO_COMMON_BLOCKS = YES;
				GCC_WARN_64_TO_32_BIT_CONVERSION = YES;
				GCC_WARN_ABOUT_RETURN_TYPE = YES_ERROR;
				GCC_WARN_UNDECLARED_SELECTOR = YES;
				GCC_WARN_UNINITIALIZED_AUTOS = YES_AGGRESSIVE;
				GCC_WARN_UNUSED_FUNCTION = YES;
				GCC_WARN_UNUSED_VARIABLE = YES;
				IPHONEOS_DEPLOYMENT_TARGET = 13.4;
				MTL_ENABLE_DEBUG_INFO = NO;
				MTL_FAST_MATH = YES;
				SDKROOT = iphoneos;
				SWIFT_COMPILATION_MODE = wholemodule;
				SWIFT_OPTIMIZATION_LEVEL = "-O";
				VALIDATE_PRODUCT = YES;
			};
			name = Release;
		};
		1D2B41E42474C012008542B1 /* Debug */ = {
			isa = XCBuildConfiguration;
			buildSettings = {
				ASSETCATALOG_COMPILER_APPICON_NAME = AppIcon;
				CODE_SIGN_STYLE = Automatic;
				INFOPLIST_FILE = LCPractice/Info.plist;
				LD_RUNPATH_SEARCH_PATHS = (
					"$(inherited)",
					"@executable_path/Frameworks",
				);
				PRODUCT_BUNDLE_IDENTIFIER = fishcat.LCPractice;
				PRODUCT_NAME = "$(TARGET_NAME)";
				SWIFT_VERSION = 5.0;
				TARGETED_DEVICE_FAMILY = "1,2";
			};
			name = Debug;
		};
		1D2B41E52474C012008542B1 /* Release */ = {
			isa = XCBuildConfiguration;
			buildSettings = {
				ASSETCATALOG_COMPILER_APPICON_NAME = AppIcon;
				CODE_SIGN_STYLE = Automatic;
				INFOPLIST_FILE = LCPractice/Info.plist;
				LD_RUNPATH_SEARCH_PATHS = (
					"$(inherited)",
					"@executable_path/Frameworks",
				);
				PRODUCT_BUNDLE_IDENTIFIER = fishcat.LCPractice;
				PRODUCT_NAME = "$(TARGET_NAME)";
				SWIFT_VERSION = 5.0;
				TARGETED_DEVICE_FAMILY = "1,2";
			};
			name = Release;
		};
/* End XCBuildConfiguration section */

/* Begin XCConfigurationList section */
		1D2B41CA2474C00B008542B1 /* Build configuration list for PBXProject "LCPractice" */ = {
			isa = XCConfigurationList;
			buildConfigurations = (
				1D2B41E12474C012008542B1 /* Debug */,
				1D2B41E22474C012008542B1 /* Release */,
			);
			defaultConfigurationIsVisible = 0;
			defaultConfigurationName = Release;
		};
		1D2B41E32474C012008542B1 /* Build configuration list for PBXNativeTarget "LCPractice" */ = {
			isa = XCConfigurationList;
			buildConfigurations = (
				1D2B41E42474C012008542B1 /* Debug */,
				1D2B41E52474C012008542B1 /* Release */,
			);
			defaultConfigurationIsVisible = 0;
			defaultConfigurationName = Release;
		};
/* End XCConfigurationList section */
	};
	rootObject = 1D2B41C72474C00B008542B1 /* Project object */;
}
